
Microsoft Visual Studio Solution File, Format Version 12.00
# Visual Studio Version 16
VisualStudioVersion = 16.0.29519.87
MinimumVisualStudioVersion = 10.0.40219.1
Project("{FAE04EC0-301F-11D3-BF4B-00C04F79EFBC}") = "Game Database", "Game Database\Game Database.csproj", "{500D92E6-42FA-40B3-A147-2BB9C2B0F126}"
EndProject
Global
	GlobalSection(SolutionConfigurationPlatforms) = preSolution
		Debug|Any CPU = Debug|Any CPU
		Release|Any CPU = Release|Any CPU
	EndGlobalSection
	GlobalSection(ProjectConfigurationPlatforms) = postSolution
		{500D92E6-42FA-40B3-A147-2BB9C2B0F126}.Debug|Any CPU.ActiveCfg = Debug|Any CPU
		{500D92E6-42FA-40B3-A147-2BB9C2B0F126}.Debug|Any CPU.Build.0 = Debug|Any CPU
		{500D92E6-42FA-40B3-A147-2BB9C2B0F126}.Release|Any CPU.ActiveCfg = Release|Any CPU
		{500D92E6-42FA-40B3-A147-2BB9C2B0F126}.Release|Any CPU.Build.0 = Release|Any CPU
	EndGlobalSection
	GlobalSection(SolutionProperties) = preSolution
		HideSolutionNode = FALSE
	EndGlobalSection
	GlobalSection(ExtensibilityGlobals) = postSolution
		SolutionGuid = {D5C6397C-BB2D-4D68-988B-05CBE4FB48C2}
	EndGlobalSection
EndGlobal
